// !$*UTF8*$!
{
	archiveVersion = 1;
	classes = {
	};
	objectVersion = 55;
	objects = {

/* Begin PBXBuildFile section */
		361F9232289BDAFB009493A7 /* WelcomeView.swift in Sources */ = {isa = PBXBuildFile; fileRef = 361F9231289BDAFB009493A7 /* WelcomeView.swift */; };
		361F9236289BECB1009493A7 /* WelcomeCard.swift in Sources */ = {isa = PBXBuildFile; fileRef = 361F9235289BECB1009493A7 /* WelcomeCard.swift */; };
		3649C38228994B90005E5A44 /* MapView.swift in Sources */ = {isa = PBXBuildFile; fileRef = 3649C38128994B90005E5A44 /* MapView.swift */; };
		36501BEB2893D55F0030EFCB /* SummaryView.swift in Sources */ = {isa = PBXBuildFile; fileRef = 36501BEA2893D55F0030EFCB /* SummaryView.swift */; };
		36906CF52891431400CC2BA1 /* BattleHeaderView.swift in Sources */ = {isa = PBXBuildFile; fileRef = 36906CF42891431400CC2BA1 /* BattleHeaderView.swift */; };
		36AF91AB288ED02B00D0AF72 /* Deadliest_Battles_in_HistoryApp.swift in Sources */ = {isa = PBXBuildFile; fileRef = 36AF91AA288ED02B00D0AF72 /* Deadliest_Battles_in_HistoryApp.swift */; };
		36AF91AD288ED02B00D0AF72 /* ContentView.swift in Sources */ = {isa = PBXBuildFile; fileRef = 36AF91AC288ED02B00D0AF72 /* ContentView.swift */; };
		36AF91AF288ED02C00D0AF72 /* Assets.xcassets in Resources */ = {isa = PBXBuildFile; fileRef = 36AF91AE288ED02C00D0AF72 /* Assets.xcassets */; };
		36AF91B2288ED02C00D0AF72 /* Preview Assets.xcassets in Resources */ = {isa = PBXBuildFile; fileRef = 36AF91B1288ED02C00D0AF72 /* Preview Assets.xcassets */; };
		36AF91BB288ED05C00D0AF72 /* BattleRow.swift in Sources */ = {isa = PBXBuildFile; fileRef = 36AF91BA288ED05C00D0AF72 /* BattleRow.swift */; };
		36AF91BD288ED07D00D0AF72 /* DescriptionView.swift in Sources */ = {isa = PBXBuildFile; fileRef = 36AF91BC288ED07D00D0AF72 /* DescriptionView.swift */; };
		36AF91C1288ED0C000D0AF72 /* BattleData.swift in Sources */ = {isa = PBXBuildFile; fileRef = 36AF91C0288ED0C000D0AF72 /* BattleData.swift */; };
		36AF91C3288ED12300D0AF72 /* BattleList.swift in Sources */ = {isa = PBXBuildFile; fileRef = 36AF91C2288ED12300D0AF72 /* BattleList.swift */; };
		36AF91C5288ED49200D0AF72 /* BattleDescriptionCard.swift in Sources */ = {isa = PBXBuildFile; fileRef = 36AF91C4288ED49200D0AF72 /* BattleDescriptionCard.swift */; };
		36CFA430288FEBDF00A440F0 /* Battle.swift in Sources */ = {isa = PBXBuildFile; fileRef = 36CFA42F288FEBDF00A440F0 /* Battle.swift */; };
		36CFA4322890179700A440F0 /* ColorConst.swift in Sources */ = {isa = PBXBuildFile; fileRef = 36CFA4312890179700A440F0 /* ColorConst.swift */; };
		36D15E8E289A99C100EC46FE /* FactView.swift in Sources */ = {isa = PBXBuildFile; fileRef = 36D15E8D289A99C100EC46FE /* FactView.swift */; };
/* End PBXBuildFile section */

/* Begin PBXFileReference section */
		361F9231289BDAFB009493A7 /* WelcomeView.swift */ = {isa = PBXFileReference; lastKnownFileType = sourcecode.swift; path = WelcomeView.swift; sourceTree = "<group>"; };
		361F9235289BECB1009493A7 /* WelcomeCard.swift */ = {isa = PBXFileReference; lastKnownFileType = sourcecode.swift; path = WelcomeCard.swift; sourceTree = "<group>"; };
		3649C38128994B90005E5A44 /* MapView.swift */ = {isa = PBXFileReference; lastKnownFileType = sourcecode.swift; path = MapView.swift; sourceTree = "<group>"; };
		36501BEA2893D55F0030EFCB /* SummaryView.swift */ = {isa = PBXFileReference; lastKnownFileType = sourcecode.swift; path = SummaryView.swift; sourceTree = "<group>"; };
		36906CF42891431400CC2BA1 /* BattleHeaderView.swift */ = {isa = PBXFileReference; lastKnownFileType = sourcecode.swift; path = BattleHeaderView.swift; sourceTree = "<group>"; };
		36AF91A7288ED02B00D0AF72 /* Deadliest-Battles-in-History.app */ = {isa = PBXFileReference; explicitFileType = wrapper.application; includeInIndex = 0; path = "Deadliest-Battles-in-History.app"; sourceTree = BUILT_PRODUCTS_DIR; };
		36AF91AA288ED02B00D0AF72 /* Deadliest_Battles_in_HistoryApp.swift */ = {isa = PBXFileReference; lastKnownFileType = sourcecode.swift; path = Deadliest_Battles_in_HistoryApp.swift; sourceTree = "<group>"; };
		36AF91AC288ED02B00D0AF72 /* ContentView.swift */ = {isa = PBXFileReference; lastKnownFileType = sourcecode.swift; path = ContentView.swift; sourceTree = "<group>"; };
		36AF91AE288ED02C00D0AF72 /* Assets.xcassets */ = {isa = PBXFileReference; lastKnownFileType = folder.assetcatalog; path = Assets.xcassets; sourceTree = "<group>"; };
		36AF91B1288ED02C00D0AF72 /* Preview Assets.xcassets */ = {isa = PBXFileReference; lastKnownFileType = folder.assetcatalog; path = "Preview Assets.xcassets"; sourceTree = "<group>"; };
		36AF91BA288ED05C00D0AF72 /* BattleRow.swift */ = {isa = PBXFileReference; lastKnownFileType = sourcecode.swift; path = BattleRow.swift; sourceTree = "<group>"; };
		36AF91BC288ED07D00D0AF72 /* DescriptionView.swift */ = {isa = PBXFileReference; lastKnownFileType = sourcecode.swift; path = DescriptionView.swift; sourceTree = "<group>"; };
		36AF91C0288ED0C000D0AF72 /* BattleData.swift */ = {isa = PBXFileReference; lastKnownFileType = sourcecode.swift; path = BattleData.swift; sourceTree = "<group>"; };
		36AF91C2288ED12300D0AF72 /* BattleList.swift */ = {isa = PBXFileReference; lastKnownFileType = sourcecode.swift; path = BattleList.swift; sourceTree = "<group>"; };
		36AF91C4288ED49200D0AF72 /* BattleDescriptionCard.swift */ = {isa = PBXFileReference; lastKnownFileType = sourcecode.swift; path = BattleDescriptionCard.swift; sourceTree = "<group>"; };
		36CFA42F288FEBDF00A440F0 /* Battle.swift */ = {isa = PBXFileReference; lastKnownFileType = sourcecode.swift; path = Battle.swift; sourceTree = "<group>"; };
		36CFA4312890179700A440F0 /* ColorConst.swift */ = {isa = PBXFileReference; lastKnownFileType = sourcecode.swift; path = ColorConst.swift; sourceTree = "<group>"; };
		36D15E8D289A99C100EC46FE /* FactView.swift */ = {isa = PBXFileReference; lastKnownFileType = sourcecode.swift; path = FactView.swift; sourceTree = "<group>"; };
/* End PBXFileReference section */

/* Begin PBXFrameworksBuildPhase section */
		36AF91A4288ED02B00D0AF72 /* Frameworks */ = {
			isa = PBXFrameworksBuildPhase;
			buildActionMask = 2147483647;
			files = (
			);
			runOnlyForDeploymentPostprocessing = 0;
		};
/* End PBXFrameworksBuildPhase section */

/* Begin PBXGroup section */
		36AF919E288ED02B00D0AF72 = {
			isa = PBXGroup;
			children = (
				36AF91A9288ED02B00D0AF72 /* Deadliest-Battles-in-History */,
				36AF91A8288ED02B00D0AF72 /* Products */,
			);
			sourceTree = "<group>";
		};
		36AF91A8288ED02B00D0AF72 /* Products */ = {
			isa = PBXGroup;
			children = (
				36AF91A7288ED02B00D0AF72 /* Deadliest-Battles-in-History.app */,
			);
			name = Products;
			sourceTree = "<group>";
		};
		36AF91A9288ED02B00D0AF72 /* Deadliest-Battles-in-History */ = {
			isa = PBXGroup;
			children = (
				36AF91AA288ED02B00D0AF72 /* Deadliest_Battles_in_HistoryApp.swift */,
				36AF91B8288ED03400D0AF72 /* Model */,
				36AF91B9288ED03B00D0AF72 /* View */,
				36AF91B0288ED02C00D0AF72 /* Preview Content */,
			);
			path = "Deadliest-Battles-in-History";
			sourceTree = "<group>";
		};
		36AF91B0288ED02C00D0AF72 /* Preview Content */ = {
			isa = PBXGroup;
			children = (
				36AF91B1288ED02C00D0AF72 /* Preview Assets.xcassets */,
			);
			path = "Preview Content";
			sourceTree = "<group>";
		};
		36AF91B8288ED03400D0AF72 /* Model */ = {
			isa = PBXGroup;
			children = (
				36CFA42F288FEBDF00A440F0 /* Battle.swift */,
				36AF91C0288ED0C000D0AF72 /* BattleData.swift */,
				36CFA4312890179700A440F0 /* ColorConst.swift */,
			);
			path = Model;
			sourceTree = "<group>";
		};
		36AF91B9288ED03B00D0AF72 /* View */ = {
			isa = PBXGroup;
			children = (
				36AF91AC288ED02B00D0AF72 /* ContentView.swift */,
				361F9231289BDAFB009493A7 /* WelcomeView.swift */,
				361F9235289BECB1009493A7 /* WelcomeCard.swift */,
				36906CF42891431400CC2BA1 /* BattleHeaderView.swift */,
				36AF91BC288ED07D00D0AF72 /* DescriptionView.swift */,
				36501BEA2893D55F0030EFCB /* SummaryView.swift */,
				36D15E8D289A99C100EC46FE /* FactView.swift */,
				3649C38128994B90005E5A44 /* MapView.swift */,
				36AF91C4288ED49200D0AF72 /* BattleDescriptionCard.swift */,
				36AF91BA288ED05C00D0AF72 /* BattleRow.swift */,
				36AF91C2288ED12300D0AF72 /* BattleList.swift */,
				36AF91AE288ED02C00D0AF72 /* Assets.xcassets */,
			);
			path = View;
			sourceTree = "<group>";
		};
/* End PBXGroup section */

/* Begin PBXNativeTarget section */
		36AF91A6288ED02B00D0AF72 /* Deadliest-Battles-in-History */ = {
			isa = PBXNativeTarget;
			buildConfigurationList = 36AF91B5288ED02C00D0AF72 /* Build configuration list for PBXNativeTarget "Deadliest-Battles-in-History" */;
			buildPhases = (
				36AF91A3288ED02B00D0AF72 /* Sources */,
				36AF91A4288ED02B00D0AF72 /* Frameworks */,
				36AF91A5288ED02B00D0AF72 /* Resources */,
			);
			buildRules = (
			);
			dependencies = (
			);
			name = "Deadliest-Battles-in-History";
			productName = "Deadliest-Battles-in-History";
			productReference = 36AF91A7288ED02B00D0AF72 /* Deadliest-Battles-in-History.app */;
			productType = "com.apple.product-type.application";
		};
/* End PBXNativeTarget section */

/* Begin PBXProject section */
		36AF919F288ED02B00D0AF72 /* Project object */ = {
			isa = PBXProject;
			attributes = {
				BuildIndependentTargetsInParallel = 1;
				LastSwiftUpdateCheck = 1310;
				LastUpgradeCheck = 1310;
				TargetAttributes = {
					36AF91A6288ED02B00D0AF72 = {
						CreatedOnToolsVersion = 13.1;
					};
				};
			};
			buildConfigurationList = 36AF91A2288ED02B00D0AF72 /* Build configuration list for PBXProject "Deadliest-Battles-in-History" */;
			compatibilityVersion = "Xcode 13.0";
			developmentRegion = en;
			hasScannedForEncodings = 0;
			knownRegions = (
				en,
				Base,
			);
			mainGroup = 36AF919E288ED02B00D0AF72;
			productRefGroup = 36AF91A8288ED02B00D0AF72 /* Products */;
			projectDirPath = "";
			projectRoot = "";
			targets = (
				36AF91A6288ED02B00D0AF72 /* Deadliest-Battles-in-History */,
			);
		};
/* End PBXProject section */

/* Begin PBXResourcesBuildPhase section */
		36AF91A5288ED02B00D0AF72 /* Resources */ = {
			isa = PBXResourcesBuildPhase;
			buildActionMask = 2147483647;
			files = (
				36AF91B2288ED02C00D0AF72 /* Preview Assets.xcassets in Resources */,
				36AF91AF288ED02C00D0AF72 /* Assets.xcassets in Resources */,
			);
			runOnlyForDeploymentPostprocessing = 0;
		};
/* End PBXResourcesBuildPhase section */

/* Begin PBXSourcesBuildPhase section */
		36AF91A3288ED02B00D0AF72 /* Sources */ = {
			isa = PBXSourcesBuildPhase;
			buildActionMask = 2147483647;
			files = (
				36AF91C5288ED49200D0AF72 /* BattleDescriptionCard.swift in Sources */,
				3649C38228994B90005E5A44 /* MapView.swift in Sources */,
				36AF91C3288ED12300D0AF72 /* BattleList.swift in Sources */,
				36AF91BB288ED05C00D0AF72 /* BattleRow.swift in Sources */,
				36CFA430288FEBDF00A440F0 /* Battle.swift in Sources */,
				36D15E8E289A99C100EC46FE /* FactView.swift in Sources */,
				36AF91C1288ED0C000D0AF72 /* BattleData.swift in Sources */,
				36AF91AD288ED02B00D0AF72 /* ContentView.swift in Sources */,
				361F9236289BECB1009493A7 /* WelcomeCard.swift in Sources */,
				36CFA4322890179700A440F0 /* ColorConst.swift in Sources */,
				36AF91AB288ED02B00D0AF72 /* Deadliest_Battles_in_HistoryApp.swift in Sources */,
				36AF91BD288ED07D00D0AF72 /* DescriptionView.swift in Sources */,
				36906CF52891431400CC2BA1 /* BattleHeaderView.swift in Sources */,
				36501BEB2893D55F0030EFCB /* SummaryView.swift in Sources */,
				361F9232289BDAFB009493A7 /* WelcomeView.swift in Sources */,
			);
			runOnlyForDeploymentPostprocessing = 0;
		};
/* End PBXSourcesBuildPhase section */

/* Begin XCBuildConfiguration section */
		36AF91B3288ED02C00D0AF72 /* Debug */ = {
			isa = XCBuildConfiguration;
			buildSettings = {
				ALWAYS_SEARCH_USER_PATHS = NO;
				CLANG_ANALYZER_NONNULL = YES;
				CLANG_ANALYZER_NUMBER_OBJECT_CONVERSION = YES_AGGRESSIVE;
				CLANG_CXX_LANGUAGE_STANDARD = "gnu++17";
				CLANG_CXX_LIBRARY = "libc++";
				CLANG_ENABLE_MODULES = YES;
				CLANG_ENABLE_OBJC_ARC = YES;
				CLANG_ENABLE_OBJC_WEAK = YES;
				CLANG_WARN_BLOCK_CAPTURE_AUTORELEASING = YES;
				CLANG_WARN_BOOL_CONVERSION = YES;
				CLANG_WARN_COMMA = YES;
				CLANG_WARN_CONSTANT_CONVERSION = YES;
				CLANG_WARN_DEPRECATED_OBJC_IMPLEMENTATIONS = YES;
				CLANG_WARN_DIRECT_OBJC_ISA_USAGE = YES_ERROR;
				CLANG_WARN_DOCUMENTATION_COMMENTS = YES;
				CLANG_WARN_EMPTY_BODY = YES;
				CLANG_WARN_ENUM_CONVERSION = YES;
				CLANG_WARN_INFINITE_RECURSION = YES;
				CLANG_WARN_INT_CONVERSION = YES;
				CLANG_WARN_NON_LITERAL_NULL_CONVERSION = YES;
				CLANG_WARN_OBJC_IMPLICIT_RETAIN_SELF = YES;
				CLANG_WARN_OBJC_LITERAL_CONVERSION = YES;
				CLANG_WARN_OBJC_ROOT_CLASS = YES_ERROR;
				CLANG_WARN_QUOTED_INCLUDE_IN_FRAMEWORK_HEADER = YES;
				CLANG_WARN_RANGE_LOOP_ANALYSIS = YES;
				CLANG_WARN_STRICT_PROTOTYPES = YES;
				CLANG_WARN_SUSPICIOUS_MOVE = YES;
				CLANG_WARN_UNGUARDED_AVAILABILITY = YES_AGGRESSIVE;
				CLANG_WARN_UNREACHABLE_CODE = YES;
				CLANG_WARN__DUPLICATE_METHOD_MATCH = YES;
				COPY_PHASE_STRIP = NO;
				DEBUG_INFORMATION_FORMAT = dwarf;
				ENABLE_STRICT_OBJC_MSGSEND = YES;
				ENABLE_TESTABILITY = YES;
				GCC_C_LANGUAGE_STANDARD = gnu11;
				GCC_DYNAMIC_NO_PIC = NO;
				GCC_NO_COMMON_BLOCKS = YES;
				GCC_OPTIMIZATION_LEVEL = 0;
				GCC_PREPROCESSOR_DEFINITIONS = (
					"DEBUG=1",
					"$(inherited)",
				);
				GCC_WARN_64_TO_32_BIT_CONVERSION = YES;
				GCC_WARN_ABOUT_RETURN_TYPE = YES_ERROR;
				GCC_WARN_UNDECLARED_SELECTOR = YES;
				GCC_WARN_UNINITIALIZED_AUTOS = YES_AGGRESSIVE;
				GCC_WARN_UNUSED_FUNCTION = YES;
				GCC_WARN_UNUSED_VARIABLE = YES;
				IPHONEOS_DEPLOYMENT_TARGET = 15.0;
				MTL_ENABLE_DEBUG_INFO = INCLUDE_SOURCE;
				MTL_FAST_MATH = YES;
				ONLY_ACTIVE_ARCH = YES;
				SDKROOT = iphoneos;
				SWIFT_ACTIVE_COMPILATION_CONDITIONS = DEBUG;
				SWIFT_OPTIMIZATION_LEVEL = "-Onone";
			};
			name = Debug;
		};
		36AF91B4288ED02C00D0AF72 /* Release */ = {
			isa = XCBuildConfiguration;
			buildSettings = {
				ALWAYS_SEARCH_USER_PATHS = NO;
				CLANG_ANALYZER_NONNULL = YES;
				CLANG_ANALYZER_NUMBER_OBJECT_CONVERSION = YES_AGGRESSIVE;
				CLANG_CXX_LANGUAGE_STANDARD = "gnu++17";
				CLANG_CXX_LIBRARY = "libc++";
				CLANG_ENABLE_MODULES = YES;
				CLANG_ENABLE_OBJC_ARC = YES;
				CLANG_ENABLE_OBJC_WEAK = YES;
				CLANG_WARN_BLOCK_CAPTURE_AUTORELEASING = YES;
				CLANG_WARN_BOOL_CONVERSION = YES;
				CLANG_WARN_COMMA = YES;
				CLANG_WARN_CONSTANT_CONVERSION = YES;
				CLANG_WARN_DEPRECATED_OBJC_IMPLEMENTATIONS = YES;
				CLANG_WARN_DIRECT_OBJC_ISA_USAGE = YES_ERROR;
				CLANG_WARN_DOCUMENTATION_COMMENTS = YES;
				CLANG_WARN_EMPTY_BODY = YES;
				CLANG_WARN_ENUM_CONVERSION = YES;
				CLANG_WARN_INFINITE_RECURSION = YES;
				CLANG_WARN_INT_CONVERSION = YES;
				CLANG_WARN_NON_LITERAL_NULL_CONVERSION = YES;
				CLANG_WARN_OBJC_IMPLICIT_RETAIN_SELF = YES;
				CLANG_WARN_OBJC_LITERAL_CONVERSION = YES;
				CLANG_WARN_OBJC_ROOT_CLASS = YES_ERROR;
				CLANG_WARN_QUOTED_INCLUDE_IN_FRAMEWORK_HEADER = YES;
				CLANG_WARN_RANGE_LOOP_ANALYSIS = YES;
				CLANG_WARN_STRICT_PROTOTYPES = YES;
				CLANG_WARN_SUSPICIOUS_MOVE = YES;
				CLANG_WARN_UNGUARDED_AVAILABILITY = YES_AGGRESSIVE;
				CLANG_WARN_UNREACHABLE_CODE = YES;
				CLANG_WARN__DUPLICATE_METHOD_MATCH = YES;
				COPY_PHASE_STRIP = NO;
				DEBUG_INFORMATION_FORMAT = "dwarf-with-dsym";
				ENABLE_NS_ASSERTIONS = NO;
				ENABLE_STRICT_OBJC_MSGSEND = YES;
				GCC_C_LANGUAGE_STANDARD = gnu11;
				GCC_NO_COMMON_BLOCKS = YES;
				GCC_WARN_64_TO_32_BIT_CONVERSION = YES;
				GCC_WARN_ABOUT_RETURN_TYPE = YES_ERROR;
				GCC_WARN_UNDECLARED_SELECTOR = YES;
				GCC_WARN_UNINITIALIZED_AUTOS = YES_AGGRESSIVE;
				GCC_WARN_UNUSED_FUNCTION = YES;
				GCC_WARN_UNUSED_VARIABLE = YES;
				IPHONEOS_DEPLOYMENT_TARGET = 15.0;
				MTL_ENABLE_DEBUG_INFO = NO;
				MTL_FAST_MATH = YES;
				SDKROOT = iphoneos;
				SWIFT_COMPILATION_MODE = wholemodule;
				SWIFT_OPTIMIZATION_LEVEL = "-O";
				VALIDATE_PRODUCT = YES;
			};
			name = Release;
		};
		36AF91B6288ED02C00D0AF72 /* Debug */ = {
			isa = XCBuildConfiguration;
			buildSettings = {
				ASSETCATALOG_COMPILER_APPICON_NAME = AppIcon;
				ASSETCATALOG_COMPILER_GLOBAL_ACCENT_COLOR_NAME = AccentColor;
				CODE_SIGN_STYLE = Automatic;
				CURRENT_PROJECT_VERSION = 1;
				DEVELOPMENT_ASSET_PATHS = "\"Deadliest-Battles-in-History/Preview Content\"";
				DEVELOPMENT_TEAM = HRJ52KD456;
				ENABLE_PREVIEWS = YES;
				GENERATE_INFOPLIST_FILE = YES;
				INFOPLIST_KEY_UIApplicationSceneManifest_Generation = YES;
				INFOPLIST_KEY_UIApplicationSupportsIndirectInputEvents = YES;
				INFOPLIST_KEY_UILaunchScreen_Generation = YES;
				INFOPLIST_KEY_UISupportedInterfaceOrientations_iPad = "UIInterfaceOrientationPortrait UIInterfaceOrientationPortraitUpsideDown UIInterfaceOrientationLandscapeLeft UIInterfaceOrientationLandscapeRight";
				INFOPLIST_KEY_UISupportedInterfaceOrientations_iPhone = "UIInterfaceOrientationPortrait UIInterfaceOrientationLandscapeLeft UIInterfaceOrientationLandscapeRight";
				LD_RUNPATH_SEARCH_PATHS = (
					"$(inherited)",
					"@executable_path/Frameworks",
				);
				MARKETING_VERSION = 1.0;
				PRODUCT_BUNDLE_IDENTIFIER = "vn.edu.rmit.duong.Deadliest-Battles-in-History";
				PRODUCT_NAME = "$(TARGET_NAME)";
				SWIFT_EMIT_LOC_STRINGS = YES;
				SWIFT_VERSION = 5.0;
				TARGETED_DEVICE_FAMILY = "1,2";
			};
			name = Debug;
		};
		36AF91B7288ED02C00D0AF72 /* Release */ = {
			isa = XCBuildConfiguration;
			buildSettings = {
				ASSETCATALOG_COMPILER_APPICON_NAME = AppIcon;
				ASSETCATALOG_COMPILER_GLOBAL_ACCENT_COLOR_NAME = AccentColor;
				CODE_SIGN_STYLE = Automatic;
				CURRENT_PROJECT_VERSION = 1;
				DEVELOPMENT_ASSET_PATHS = "\"Deadliest-Battles-in-History/Preview Content\"";
				DEVELOPMENT_TEAM = HRJ52KD456;
				ENABLE_PREVIEWS = YES;
				GENERATE_INFOPLIST_FILE = YES;
				INFOPLIST_KEY_UIApplicationSceneManifest_Generation = YES;
				INFOPLIST_KEY_UIApplicationSupportsIndirectInputEvents = YES;
				INFOPLIST_KEY_UILaunchScreen_Generation = YES;
				INFOPLIST_KEY_UISupportedInterfaceOrientations_iPad = "UIInterfaceOrientationPortrait UIInterfaceOrientationPortraitUpsideDown UIInterfaceOrientationLandscapeLeft UIInterfaceOrientationLandscapeRight";
				INFOPLIST_KEY_UISupportedInterfaceOrientations_iPhone = "UIInterfaceOrientationPortrait UIInterfaceOrientationLandscapeLeft UIInterfaceOrientationLandscapeRight";
				LD_RUNPATH_SEARCH_PATHS = (
					"$(inherited)",
					"@executable_path/Frameworks",
				);
				MARKETING_VERSION = 1.0;
				PRODUCT_BUNDLE_IDENTIFIER = "vn.edu.rmit.duong.Deadliest-Battles-in-History";
				PRODUCT_NAME = "$(TARGET_NAME)";
				SWIFT_EMIT_LOC_STRINGS = YES;
				SWIFT_VERSION = 5.0;
				TARGETED_DEVICE_FAMILY = "1,2";
			};
			name = Release;
		};
/* End XCBuildConfiguration section */

/* Begin XCConfigurationList section */
		36AF91A2288ED02B00D0AF72 /* Build configuration list for PBXProject "Deadliest-Battles-in-History" */ = {
			isa = XCConfigurationList;
			buildConfigurations = (
				36AF91B3288ED02C00D0AF72 /* Debug */,
				36AF91B4288ED02C00D0AF72 /* Release */,
			);
			defaultConfigurationIsVisible = 0;
			defaultConfigurationName = Release;
		};
		36AF91B5288ED02C00D0AF72 /* Build configuration list for PBXNativeTarget "Deadliest-Battles-in-History" */ = {
			isa = XCConfigurationList;
			buildConfigurations = (
				36AF91B6288ED02C00D0AF72 /* Debug */,
				36AF91B7288ED02C00D0AF72 /* Release */,
			);
			defaultConfigurationIsVisible = 0;
			defaultConfigurationName = Release;
		};
/* End XCConfigurationList section */
	};
	rootObject = 36AF919F288ED02B00D0AF72 /* Project object */;
}
